
Microsoft Visual Studio Solution File, Format Version 12.00
# Visual Studio Version 16
VisualStudioVersion = 16.0.31911.196
MinimumVisualStudioVersion = 10.0.40219.1
Project("{9A19103F-16F7-4668-BE54-9A1E7A4F7556}") = "SportsStore", "SportsStore\SportsStore.csproj", "{0E619BAB-6C48-484D-8CF1-1D504FFB8178}"
EndProject
Project("{9A19103F-16F7-4668-BE54-9A1E7A4F7556}") = "SportsStore.Tests", "SportsStore.Tests\SportsStore.Tests.csproj", "{9C4C3FFD-3F05-4E8F-9ED4-6DC68DEDBA37}"
EndProject
Project("{9A19103F-16F7-4668-BE54-9A1E7A4F7556}") = "SportsStore.Storage", "SportsStore.Storage\SportsStore.Storage.csproj", "{8A9F6B00-95CE-490D-8EF7-35CD38B74CCA}"
EndProject
Global
	GlobalSection(SolutionConfigurationPlatforms) = preSolution
		Debug|Any CPU = Debug|Any CPU
		Release|Any CPU = Release|Any CPU
	EndGlobalSection
	GlobalSection(ProjectConfigurationPlatforms) = postSolution
		{0E619BAB-6C48-484D-8CF1-1D504FFB8178}.Debug|Any CPU.ActiveCfg = Debug|Any CPU
		{0E619BAB-6C48-484D-8CF1-1D504FFB8178}.Debug|Any CPU.Build.0 = Debug|Any CPU
		{0E619BAB-6C48-484D-8CF1-1D504FFB8178}.Release|Any CPU.ActiveCfg = Release|Any CPU
		{0E619BAB-6C48-484D-8CF1-1D504FFB8178}.Release|Any CPU.Build.0 = Release|Any CPU
		{9C4C3FFD-3F05-4E8F-9ED4-6DC68DEDBA37}.Debug|Any CPU.ActiveCfg = Debug|Any CPU
		{9C4C3FFD-3F05-4E8F-9ED4-6DC68DEDBA37}.Debug|Any CPU.Build.0 = Debug|Any CPU
		{9C4C3FFD-3F05-4E8F-9ED4-6DC68DEDBA37}.Release|Any CPU.ActiveCfg = Release|Any CPU
		{9C4C3FFD-3F05-4E8F-9ED4-6DC68DEDBA37}.Release|Any CPU.Build.0 = Release|Any CPU
		{8A9F6B00-95CE-490D-8EF7-35CD38B74CCA}.Debug|Any CPU.ActiveCfg = Debug|Any CPU
		{8A9F6B00-95CE-490D-8EF7-35CD38B74CCA}.Debug|Any CPU.Build.0 = Debug|Any CPU
		{8A9F6B00-95CE-490D-8EF7-35CD38B74CCA}.Release|Any CPU.ActiveCfg = Release|Any CPU
		{8A9F6B00-95CE-490D-8EF7-35CD38B74CCA}.Release|Any CPU.Build.0 = Release|Any CPU
	EndGlobalSection
	GlobalSection(SolutionProperties) = preSolution
		HideSolutionNode = FALSE
	EndGlobalSection
	GlobalSection(ExtensibilityGlobals) = postSolution
		SolutionGuid = {166E5A7D-9ECC-4BC8-B478-E3BB1A53374C}
	EndGlobalSection
EndGlobal
